// !$*UTF8*$!
{
	archiveVersion = 1;
	classes = {
	};
	objectVersion = 46;
	objects = {

/* Begin PBXBuildFile section */
		80068FC317272CA800DA1492 /* Cocoa.framework in Frameworks */ = {isa = PBXBuildFile; fileRef = 80068FC217272CA800DA1492 /* Cocoa.framework */; };
		80068FCD17272CA800DA1492 /* InfoPlist.strings in Resources */ = {isa = PBXBuildFile; fileRef = 80068FCB17272CA800DA1492 /* InfoPlist.strings */; };
		80068FCF17272CA800DA1492 /* main.m in Sources */ = {isa = PBXBuildFile; fileRef = 80068FCE17272CA800DA1492 /* main.m */; };
		80068FD317272CA900DA1492 /* Credits.rtf in Resources */ = {isa = PBXBuildFile; fileRef = 80068FD117272CA900DA1492 /* Credits.rtf */; };
		80068FD617272CA900DA1492 /* STGAppDelegate.m in Sources */ = {isa = PBXBuildFile; fileRef = 80068FD517272CA900DA1492 /* STGAppDelegate.m */; };
		80068FE117272D9900DA1492 /* STGStorageConnectionManager.m in Sources */ = {isa = PBXBuildFile; fileRef = 80068FE017272D9900DA1492 /* STGStorageConnectionManager.m */; };
		8011328D172966CB006702B9 /* STGDataCaptureEntry.m in Sources */ = {isa = PBXBuildFile; fileRef = 8011328C172966CB006702B9 /* STGDataCaptureEntry.m */; };
		801132911729AC92006702B9 /* STGOptionsAboutViewController.m in Sources */ = {isa = PBXBuildFile; fileRef = 8011328F1729AC92006702B9 /* STGOptionsAboutViewController.m */; };
		801132921729AC92006702B9 /* STGOptionsAboutViewController.xib in Resources */ = {isa = PBXBuildFile; fileRef = 801132901729AC92006702B9 /* STGOptionsAboutViewController.xib */; };
		8011CA3F174FE9860021249F /* STGStatusItemView.m in Sources */ = {isa = PBXBuildFile; fileRef = 8011CA3E174FE9860021249F /* STGStatusItemView.m */; };
		8017CD2F17497203000889C5 /* STGCFSSyncCheck.m in Sources */ = {isa = PBXBuildFile; fileRef = 8017CD2E17497202000889C5 /* STGCFSSyncCheck.m */; };
		801CA86F19AB468100A2F44F /* CameraTemplate.pdf in Resources */ = {isa = PBXBuildFile; fileRef = 801CA86E19AB468100A2F44F /* CameraTemplate.pdf */; };
		801CA87119AB46F600A2F44F /* MovieCameraTemplate.pdf in Resources */ = {isa = PBXBuildFile; fileRef = 801CA87019AB46F600A2F44F /* MovieCameraTemplate.pdf */; };
		801CA87319AB47F500A2F44F /* ClipboardTemplate.pdf in Resources */ = {isa = PBXBuildFile; fileRef = 801CA87219AB47F500A2F44F /* ClipboardTemplate.pdf */; };
		801CA87519AB47FA00A2F44F /* AlbumTemplate.pdf in Resources */ = {isa = PBXBuildFile; fileRef = 801CA87419AB47FA00A2F44F /* AlbumTemplate.pdf */; };
		801CA87719AB489300A2F44F /* FileTemplate.pdf in Resources */ = {isa = PBXBuildFile; fileRef = 801CA87619AB489300A2F44F /* FileTemplate.pdf */; };
		80210E51172EC9920056C502 /* STGRecentFileView.xib in Resources */ = {isa = PBXBuildFile; fileRef = 80210E50172EC9920056C502 /* STGRecentFileView.xib */; };
		80210E54172EDE050056C502 /* STGRecentUploadView.m in Sources */ = {isa = PBXBuildFile; fileRef = 80210E53172EDE050056C502 /* STGRecentUploadView.m */; };
		8029A48D17282CC900F09884 /* Credits.html in Resources */ = {isa = PBXBuildFile; fileRef = 8029A48C17282CC900F09884 /* Credits.html */; };
		8029A49917283ECD00F09884 /* STGOptionsGeneralViewController.m in Sources */ = {isa = PBXBuildFile; fileRef = 8029A49717283ECD00F09884 /* STGOptionsGeneralViewController.m */; };
		8029A49A17283ECD00F09884 /* STGOptionsGeneralViewController.xib in Resources */ = {isa = PBXBuildFile; fileRef = 8029A49817283ECD00F09884 /* STGOptionsGeneralViewController.xib */; };
		8029A49E17283EF000F09884 /* STGOptionsShortcutsViewController.m in Sources */ = {isa = PBXBuildFile; fileRef = 8029A49C17283EEF00F09884 /* STGOptionsShortcutsViewController.m */; };
		8029A49F17283EF000F09884 /* STGOptionsShortcutsViewController.xib in Resources */ = {isa = PBXBuildFile; fileRef = 8029A49D17283EEF00F09884 /* STGOptionsShortcutsViewController.xib */; };
		8029A4A11728427900F09884 /* MainMenu.xib in Resources */ = {isa = PBXBuildFile; fileRef = 8029A4A01728427900F09884 /* MainMenu.xib */; };
		8029A4B917285A1F00F09884 /* MASPreferencesWindowController.m in Sources */ = {isa = PBXBuildFile; fileRef = 8029A4B817285A1F00F09884 /* MASPreferencesWindowController.m */; };
		8029A4BB17285A5800F09884 /* MASPreferencesWindow.xib in Resources */ = {isa = PBXBuildFile; fileRef = 8029A4BA17285A5800F09884 /* MASPreferencesWindow.xib */; };
		8029A4BE172884AF00F09884 /* STGFileHelper.m in Sources */ = {isa = PBXBuildFile; fileRef = 8029A4BD172884AE00F09884 /* STGFileHelper.m */; settings = {COMPILER_FLAGS = "-Wno-deprecated"; }; };
		80369DD41847A27D00349068 /* STGQuickUploadWindowController.m in Sources */ = {isa = PBXBuildFile; fileRef = 80369DD21847A27D00349068 /* STGQuickUploadWindowController.m */; };
		80369DD51847A27D00349068 /* STGQuickUploadWindowController.xib in Resources */ = {isa = PBXBuildFile; fileRef = 80369DD31847A27D00349068 /* STGQuickUploadWindowController.xib */; };
		803C33B7172C780100E8CE3F /* STGDataCaptureManager.m in Sources */ = {isa = PBXBuildFile; fileRef = 803C33B6172C780100E8CE3F /* STGDataCaptureManager.m */; };
		803C33BA172C7B6200E8CE3F /* STGOptionTextField.m in Sources */ = {isa = PBXBuildFile; fileRef = 803C33B9172C7B6200E8CE3F /* STGOptionTextField.m */; };
		80485FCC1747BF9200CB6226 /* DividerLine.png in Resources */ = {isa = PBXBuildFile; fileRef = 80485FCB1747BF9200CB6226 /* DividerLine.png */; };
		80485FCE1747E85500CB6226 /* DividerLineM.png in Resources */ = {isa = PBXBuildFile; fileRef = 80485FCD1747E85500CB6226 /* DividerLineM.png */; };
		80485FD51747EC9800CB6226 /* WelcomeWindowBG.png in Resources */ = {isa = PBXBuildFile; fileRef = 80485FD31747EC9800CB6226 /* WelcomeWindowBG.png */; };
		80485FD61747EC9800CB6226 /* WelcomeWindowBGBottom.png in Resources */ = {isa = PBXBuildFile; fileRef = 80485FD41747EC9800CB6226 /* WelcomeWindowBGBottom.png */; };
		80485FE01747EFF400CB6226 /* CocoStorageLogoText.png in Resources */ = {isa = PBXBuildFile; fileRef = 80485FDF1747EFF400CB6226 /* CocoStorageLogoText.png */; };
		80485FE61747F9B200CB6226 /* ButtonRecessed.png in Resources */ = {isa = PBXBuildFile; fileRef = 80485FE51747F9B200CB6226 /* ButtonRecessed.png */; };
		80485FE91747FABF00CB6226 /* NSButton+TextColor.m in Sources */ = {isa = PBXBuildFile; fileRef = 80485FE81747FABC00CB6226 /* NSButton+TextColor.m */; };
		80486004174802C000CB6226 /* CocoStorageStatusBarIcon.png in Resources */ = {isa = PBXBuildFile; fileRef = 80485FF6174802BF00CB6226 /* CocoStorageStatusBarIcon.png */; };
		80486005174802C000CB6226 /* CocoStorageStatusBarIcon01.png in Resources */ = {isa = PBXBuildFile; fileRef = 80485FF7174802BF00CB6226 /* CocoStorageStatusBarIcon01.png */; };
		80486006174802C000CB6226 /* CocoStorageStatusBarIcon02.png in Resources */ = {isa = PBXBuildFile; fileRef = 80485FF8174802BF00CB6226 /* CocoStorageStatusBarIcon02.png */; };
		80486007174802C000CB6226 /* CocoStorageStatusBarIcon03.png in Resources */ = {isa = PBXBuildFile; fileRef = 80485FF9174802C000CB6226 /* CocoStorageStatusBarIcon03.png */; };
		80486008174802C000CB6226 /* CocoStorageStatusBarIcon04.png in Resources */ = {isa = PBXBuildFile; fileRef = 80485FFA174802C000CB6226 /* CocoStorageStatusBarIcon04.png */; };
		80486009174802C000CB6226 /* CocoStorageStatusBarIcon05.png in Resources */ = {isa = PBXBuildFile; fileRef = 80485FFB174802C000CB6226 /* CocoStorageStatusBarIcon05.png */; };
		8048600A174802C000CB6226 /* CocoStorageStatusBarIcon06.png in Resources */ = {isa = PBXBuildFile; fileRef = 80485FFC174802C000CB6226 /* CocoStorageStatusBarIcon06.png */; };
		8048600B174802C000CB6226 /* CocoStorageStatusBarIcon07.png in Resources */ = {isa = PBXBuildFile; fileRef = 80485FFD174802C000CB6226 /* CocoStorageStatusBarIcon07.png */; };
		8048600C174802C000CB6226 /* CocoStorageStatusBarIcon08.png in Resources */ = {isa = PBXBuildFile; fileRef = 80485FFE174802C000CB6226 /* CocoStorageStatusBarIcon08.png */; };
		8048600D174802C000CB6226 /* CocoStorageStatusBarIcon09.png in Resources */ = {isa = PBXBuildFile; fileRef = 80485FFF174802C000CB6226 /* CocoStorageStatusBarIcon09.png */; };
		8048600E174802C000CB6226 /* CocoStorageStatusBarIcon10.png in Resources */ = {isa = PBXBuildFile; fileRef = 80486000174802C000CB6226 /* CocoStorageStatusBarIcon10.png */; };
		8048600F174802C000CB6226 /* CocoStorageStatusBarIcon11.png in Resources */ = {isa = PBXBuildFile; fileRef = 80486001174802C000CB6226 /* CocoStorageStatusBarIcon11.png */; };
		80486010174802C000CB6226 /* CocoStorageStatusBarIcon12.png in Resources */ = {isa = PBXBuildFile; fileRef = 80486002174802C000CB6226 /* CocoStorageStatusBarIcon12.png */; };
		80486011174802C000CB6226 /* CocoStorageStatusBarIcon13.png in Resources */ = {isa = PBXBuildFile; fileRef = 80486003174802C000CB6226 /* CocoStorageStatusBarIcon13.png */; };
		804860161748051400CB6226 /* STGStatusItemDrawingHelper.m in Sources */ = {isa = PBXBuildFile; fileRef = 804860151748051300CB6226 /* STGStatusItemDrawingHelper.m */; };
		8048602A174823A500CB6226 /* StatusBarIconUpdateOverlay.png in Resources */ = {isa = PBXBuildFile; fileRef = 80486029174823A500CB6226 /* StatusBarIconUpdateOverlay.png */; };
		80492698173EEAB100C08A7F /* STGPacketQueue.m in Sources */ = {isa = PBXBuildFile; fileRef = 80492697173EEAB100C08A7F /* STGPacketQueue.m */; };
		8049269B173EEAC100C08A7F /* STGPacket.m in Sources */ = {isa = PBXBuildFile; fileRef = 8049269A173EEAC100C08A7F /* STGPacket.m */; };
		804C879119A1FAAA000957C6 /* STGFloatingWindowController.m in Sources */ = {isa = PBXBuildFile; fileRef = 804C878F19A1FAAA000957C6 /* STGFloatingWindowController.m */; };
		804C879519A1FE2D000957C6 /* STGCountdownView.m in Sources */ = {isa = PBXBuildFile; fileRef = 804C879419A1FE2D000957C6 /* STGCountdownView.m */; };
		8060C341199FB1FE001282CF /* STGCreateAlbumWindowController.m in Sources */ = {isa = PBXBuildFile; fileRef = 8060C33F199FB1FE001282CF /* STGCreateAlbumWindowController.m */; };
		8060C342199FB1FE001282CF /* STGCreateAlbumWindowController.xib in Resources */ = {isa = PBXBuildFile; fileRef = 8060C340199FB1FE001282CF /* STGCreateAlbumWindowController.xib */; };
		8060C345199FC8D3001282CF /* STGUploadedFileToken.m in Sources */ = {isa = PBXBuildFile; fileRef = 8060C344199FC8D3001282CF /* STGUploadedFileToken.m */; };
		8060C347199FE174001282CF /* AVFoundation.framework in Frameworks */ = {isa = PBXBuildFile; fileRef = 8060C346199FE174001282CF /* AVFoundation.framework */; };
		80659848199565FE00EF0E34 /* STGAPIConfigurationStorage.m in Sources */ = {isa = PBXBuildFile; fileRef = 80659847199565FE00EF0E34 /* STGAPIConfigurationStorage.m */; };
		8065984D199568A700EF0E34 /* STGAPIConfigurationMediacrush.m in Sources */ = {isa = PBXBuildFile; fileRef = 8065984C199568A700EF0E34 /* STGAPIConfigurationMediacrush.m */; };
		8071453C18492A17007F1EA1 /* STGTypeChooserView.m in Sources */ = {isa = PBXBuildFile; fileRef = 8071453B18492A17007F1EA1 /* STGTypeChooserView.m */; };
		8071453F18492A56007F1EA1 /* STGTypeChooserViewType.m in Sources */ = {isa = PBXBuildFile; fileRef = 8071453E18492A56007F1EA1 /* STGTypeChooserViewType.m */; };
		80781B481746899200D0C790 /* STGOptionsCFSViewController.m in Sources */ = {isa = PBXBuildFile; fileRef = 80781B461746899200D0C790 /* STGOptionsCFSViewController.m */; };
		80781B491746899200D0C790 /* STGOptionsCFSViewController.xib in Resources */ = {isa = PBXBuildFile; fileRef = 80781B471746899200D0C790 /* STGOptionsCFSViewController.xib */; };
		80781B4C174698CC00D0C790 /* STGAPIConfiguration.m in Sources */ = {isa = PBXBuildFile; fileRef = 80781B4B174698CC00D0C790 /* STGAPIConfiguration.m */; };
		80781B531746B26400D0C790 /* STGOptionsQuickUploadViewController.m in Sources */ = {isa = PBXBuildFile; fileRef = 80781B511746B26400D0C790 /* STGOptionsQuickUploadViewController.m */; };
		80781B541746B26400D0C790 /* STGOptionsQuickUploadViewController.xib in Resources */ = {isa = PBXBuildFile; fileRef = 80781B521746B26400D0C790 /* STGOptionsQuickUploadViewController.xib */; };
		807A667F172A97B200E0212C /* STGHotkeyHelper.m in Sources */ = {isa = PBXBuildFile; fileRef = 807A667E172A97B200E0212C /* STGHotkeyHelper.m */; };
		807A6682172A98AD00E0212C /* STGHotkeyHelperEntry.m in Sources */ = {isa = PBXBuildFile; fileRef = 807A6681172A98AD00E0212C /* STGHotkeyHelperEntry.m */; };
		807A6689172AC6DF00E0212C /* CoreServices.framework in Frameworks */ = {isa = PBXBuildFile; fileRef = 807A6688172AC6DF00E0212C /* CoreServices.framework */; };
		807A668B172AC79900E0212C /* Security.framework in Frameworks */ = {isa = PBXBuildFile; fileRef = 807A668A172AC79900E0212C /* Security.framework */; };
		807A668E172AD23900E0212C /* STGSystemHelper.m in Sources */ = {isa = PBXBuildFile; fileRef = 807A668D172AD23900E0212C /* STGSystemHelper.m */; };
		807A6702172AF86000E0212C /* CocoStorageLogo.icns in Resources */ = {isa = PBXBuildFile; fileRef = 807A6701172AF86000E0212C /* CocoStorageLogo.icns */; };
		808A9A1917538EBC0058235D /* STGQuickUploadView.m in Sources */ = {isa = PBXBuildFile; fileRef = 808A9A1817538EBC0058235D /* STGQuickUploadView.m */; };
		809A10C1174D6C930016A391 /* License_Sparkle.txt in Resources */ = {isa = PBXBuildFile; fileRef = 809A10C0174D6C930016A391 /* License_Sparkle.txt */; };
		809A10C3174D6D330016A391 /* License_MASPreferences.txt in Resources */ = {isa = PBXBuildFile; fileRef = 809A10C2174D6D330016A391 /* License_MASPreferences.txt */; };
		809A10C6174D6F5B0016A391 /* STGCFSSyncCheckEntry.m in Sources */ = {isa = PBXBuildFile; fileRef = 809A10C5174D6F5B0016A391 /* STGCFSSyncCheckEntry.m */; };
		809D1B0D176F69FD00F30E22 /* STGJSONHelper.m in Sources */ = {isa = PBXBuildFile; fileRef = 809D1B0C176F69FD00F30E22 /* STGJSONHelper.m */; };
		80D7F9BE1741700500851DDB /* STGNetworkHelper.m in Sources */ = {isa = PBXBuildFile; fileRef = 80D7F9BD1741700400851DDB /* STGNetworkHelper.m */; };
		80D7F9C01741707500851DDB /* SystemConfiguration.framework in Frameworks */ = {isa = PBXBuildFile; fileRef = 80D7F9BF1741707500851DDB /* SystemConfiguration.framework */; };
		80D7F9C71741773B00851DDB /* ServerStatusOK.png in Resources */ = {isa = PBXBuildFile; fileRef = 80D7F9C51741773A00851DDB /* ServerStatusOK.png */; };
		80D7F9C81741773B00851DDB /* ServerStatusUnavailable.png in Resources */ = {isa = PBXBuildFile; fileRef = 80D7F9C61741773A00851DDB /* ServerStatusUnavailable.png */; };
		80D91A7219A1DB8E00A402D6 /* STGAPIConfigurationStub.m in Sources */ = {isa = PBXBuildFile; fileRef = 80D91A7119A1DB8E00A402D6 /* STGAPIConfigurationStub.m */; };
		80DBC66B17316241000DEF72 /* STGWelcomeWindowControllerStorage.m in Sources */ = {isa = PBXBuildFile; fileRef = 80DBC66917316241000DEF72 /* STGWelcomeWindowControllerStorage.m */; };
		80DBC66C17316241000DEF72 /* STGWelcomeWindowControllerStorage.xib in Resources */ = {isa = PBXBuildFile; fileRef = 80DBC66A17316241000DEF72 /* STGWelcomeWindowControllerStorage.xib */; };
		80DBC6721731CC95000DEF72 /* STGStatusItemManager.m in Sources */ = {isa = PBXBuildFile; fileRef = 80DBC6711731CC95000DEF72 /* STGStatusItemManager.m */; };
		80DBC6761731D2C6000DEF72 /* STGStatusItemManager.xib in Resources */ = {isa = PBXBuildFile; fileRef = 80DBC6751731D2C5000DEF72 /* STGStatusItemManager.xib */; };
		80E12CAB184A99E70093CA6C /* STGUploadTypeViewController.m in Sources */ = {isa = PBXBuildFile; fileRef = 80E12CA9184A99E70093CA6C /* STGUploadTypeViewController.m */; };
		80E12CAC184A99E70093CA6C /* STGUploadTypeViewController.xib in Resources */ = {isa = PBXBuildFile; fileRef = 80E12CAA184A99E70093CA6C /* STGUploadTypeViewController.xib */; };
		80EF761619AA5E540089975C /* Sparkle.framework in Frameworks */ = {isa = PBXBuildFile; fileRef = 80EF761519AA5E540089975C /* Sparkle.framework */; };
		80EF761819AA63C00089975C /* dsa_pub.pem in Resources */ = {isa = PBXBuildFile; fileRef = 80EF761719AA63C00089975C /* dsa_pub.pem */; };
		80F7697519A0C3AE000DC74D /* STGMovieCaptureSession.m in Sources */ = {isa = PBXBuildFile; fileRef = 80F7697419A0C3AE000DC74D /* STGMovieCaptureSession.m */; };
		80F7697F19A0E77B000DC74D /* STGMovieCaptureWindowController.m in Sources */ = {isa = PBXBuildFile; fileRef = 80F7697D19A0E77B000DC74D /* STGMovieCaptureWindowController.m */; };
		80F7698019A0E77B000DC74D /* STGMovieCaptureWindowController.xib in Resources */ = {isa = PBXBuildFile; fileRef = 80F7697E19A0E77B000DC74D /* STGMovieCaptureWindowController.xib */; };
		80F7698219A1207A000DC74D /* IOKit.framework in Frameworks */ = {isa = PBXBuildFile; fileRef = 80F7698119A1207A000DC74D /* IOKit.framework */; };
		80F7698519A1379A000DC74D /* STGOptionsManager.m in Sources */ = {isa = PBXBuildFile; fileRef = 80F7698419A1379A000DC74D /* STGOptionsManager.m */; };
		80F7698819A14B06000DC74D /* STGNetworkManager.m in Sources */ = {isa = PBXBuildFile; fileRef = 80F7698719A14B06000DC74D /* STGNetworkManager.m */; };
		80F7698B19A15146000DC74D /* STGUncompletedUploadList.m in Sources */ = {isa = PBXBuildFile; fileRef = 80F7698A19A15146000DC74D /* STGUncompletedUploadList.m */; };
		80FD082319A4F3A8009126D7 /* STGScreenRectangleSelectView.m in Sources */ = {isa = PBXBuildFile; fileRef = 80FD082219A4F3A8009126D7 /* STGScreenRectangleSelectView.m */; };
		80FD082619A52628009126D7 /* STGScreenOverlayWindow.m in Sources */ = {isa = PBXBuildFile; fileRef = 80FD082519A52628009126D7 /* STGScreenOverlayWindow.m */; };
/* End PBXBuildFile section */

/* Begin PBXCopyFilesBuildPhase section */
		80120343173300690003BB23 /* CopyFiles */ = {
			isa = PBXCopyFilesBuildPhase;
			buildActionMask = 2147483647;
			dstPath = "";
			dstSubfolderSpec = 10;
			files = (
			);
			runOnlyForDeploymentPostprocessing = 0;
		};
/* End PBXCopyFilesBuildPhase section */

/* Begin PBXFileReference section */
		80068FBF17272CA800DA1492 /* Coco Storage.app */ = {isa = PBXFileReference; explicitFileType = wrapper.application; includeInIndex = 0; path = "Coco Storage.app"; sourceTree = BUILT_PRODUCTS_DIR; };
		80068FC217272CA800DA1492 /* Cocoa.framework */ = {isa = PBXFileReference; lastKnownFileType = wrapper.framework; name = Cocoa.framework; path = System/Library/Frameworks/Cocoa.framework; sourceTree = SDKROOT; };
		80068FC517272CA800DA1492 /* AppKit.framework */ = {isa = PBXFileReference; lastKnownFileType = wrapper.framework; name = AppKit.framework; path = System/Library/Frameworks/AppKit.framework; sourceTree = SDKROOT; };
		80068FC617272CA800DA1492 /* CoreData.framework */ = {isa = PBXFileReference; lastKnownFileType = wrapper.framework; name = CoreData.framework; path = System/Library/Frameworks/CoreData.framework; sourceTree = SDKROOT; };
		80068FC717272CA800DA1492 /* Foundation.framework */ = {isa = PBXFileReference; lastKnownFileType = wrapper.framework; name = Foundation.framework; path = System/Library/Frameworks/Foundation.framework; sourceTree = SDKROOT; };
		80068FCA17272CA800DA1492 /* Coco Storage-Info.plist */ = {isa = PBXFileReference; lastKnownFileType = text.plist.xml; path = "Coco Storage-Info.plist"; sourceTree = "<group>"; };
		80068FCC17272CA800DA1492 /* en */ = {isa = PBXFileReference; lastKnownFileType = text.plist.strings; name = en; path = en.lproj/InfoPlist.strings; sourceTree = "<group>"; };
		80068FCE17272CA800DA1492 /* main.m */ = {isa = PBXFileReference; lastKnownFileType = sourcecode.c.objc; path = main.m; sourceTree = "<group>"; };
		80068FD017272CA800DA1492 /* Coco Storage-Prefix.pch */ = {isa = PBXFileReference; lastKnownFileType = sourcecode.c.h; path = "Coco Storage-Prefix.pch"; sourceTree = "<group>"; };
		80068FD217272CA900DA1492 /* en */ = {isa = PBXFileReference; lastKnownFileType = text.rtf; name = en; path = en.lproj/Credits.rtf; sourceTree = "<group>"; };
		80068FD417272CA900DA1492 /* STGAppDelegate.h */ = {isa = PBXFileReference; lastKnownFileType = sourcecode.c.h; path = STGAppDelegate.h; sourceTree = "<group>"; };
		80068FD517272CA900DA1492 /* STGAppDelegate.m */ = {isa = PBXFileReference; lastKnownFileType = sourcecode.c.objc; path = STGAppDelegate.m; sourceTree = "<group>"; };
		80068FDF17272D9900DA1492 /* STGStorageConnectionManager.h */ = {isa = PBXFileReference; fileEncoding = 4; lastKnownFileType = sourcecode.c.h; path = STGStorageConnectionManager.h; sourceTree = "<group>"; };
		80068FE017272D9900DA1492 /* STGStorageConnectionManager.m */ = {isa = PBXFileReference; fileEncoding = 4; lastKnownFileType = sourcecode.c.objc; path = STGStorageConnectionManager.m; sourceTree = "<group>"; };
		8011328B172966CB006702B9 /* STGDataCaptureEntry.h */ = {isa = PBXFileReference; fileEncoding = 4; lastKnownFileType = sourcecode.c.h; path = STGDataCaptureEntry.h; sourceTree = "<group>"; };
		8011328C172966CB006702B9 /* STGDataCaptureEntry.m */ = {isa = PBXFileReference; fileEncoding = 4; lastKnownFileType = sourcecode.c.objc; path = STGDataCaptureEntry.m; sourceTree = "<group>"; };
		8011328E1729AC92006702B9 /* STGOptionsAboutViewController.h */ = {isa = PBXFileReference; fileEncoding = 4; lastKnownFileType = sourcecode.c.h; path = STGOptionsAboutViewController.h; sourceTree = "<group>"; };
		8011328F1729AC92006702B9 /* STGOptionsAboutViewController.m */ = {isa = PBXFileReference; fileEncoding = 4; lastKnownFileType = sourcecode.c.objc; path = STGOptionsAboutViewController.m; sourceTree = "<group>"; };
		801132901729AC92006702B9 /* STGOptionsAboutViewController.xib */ = {isa = PBXFileReference; fileEncoding = 4; lastKnownFileType = file.xib; path = STGOptionsAboutViewController.xib; sourceTree = "<group>"; };
		8011CA3D174FE9860021249F /* STGStatusItemView.h */ = {isa = PBXFileReference; fileEncoding = 4; lastKnownFileType = sourcecode.c.h; path = STGStatusItemView.h; sourceTree = "<group>"; };
		8011CA3E174FE9860021249F /* STGStatusItemView.m */ = {isa = PBXFileReference; fileEncoding = 4; lastKnownFileType = sourcecode.c.objc; path = STGStatusItemView.m; sourceTree = "<group>"; };
		8017CD2D17497202000889C5 /* STGCFSSyncCheck.h */ = {isa = PBXFileReference; fileEncoding = 4; lastKnownFileType = sourcecode.c.h; path = STGCFSSyncCheck.h; sourceTree = "<group>"; };
		8017CD2E17497202000889C5 /* STGCFSSyncCheck.m */ = {isa = PBXFileReference; fileEncoding = 4; lastKnownFileType = sourcecode.c.objc; path = STGCFSSyncCheck.m; sourceTree = "<group>"; };
		801CA86E19AB468100A2F44F /* CameraTemplate.pdf */ = {isa = PBXFileReference; lastKnownFileType = image.pdf; path = CameraTemplate.pdf; sourceTree = "<group>"; };
		801CA87019AB46F600A2F44F /* MovieCameraTemplate.pdf */ = {isa = PBXFileReference; lastKnownFileType = image.pdf; path = MovieCameraTemplate.pdf; sourceTree = "<group>"; };
		801CA87219AB47F500A2F44F /* ClipboardTemplate.pdf */ = {isa = PBXFileReference; lastKnownFileType = image.pdf; path = ClipboardTemplate.pdf; sourceTree = "<group>"; };
		801CA87419AB47FA00A2F44F /* AlbumTemplate.pdf */ = {isa = PBXFileReference; lastKnownFileType = image.pdf; path = AlbumTemplate.pdf; sourceTree = "<group>"; };
		801CA87619AB489300A2F44F /* FileTemplate.pdf */ = {isa = PBXFileReference; lastKnownFileType = image.pdf; path = FileTemplate.pdf; sourceTree = "<group>"; };
		80210E50172EC9920056C502 /* STGRecentFileView.xib */ = {isa = PBXFileReference; fileEncoding = 4; lastKnownFileType = file.xib; path = STGRecentFileView.xib; sourceTree = "<group>"; };
		80210E52172EDE050056C502 /* STGRecentUploadView.h */ = {isa = PBXFileReference; fileEncoding = 4; lastKnownFileType = sourcecode.c.h; path = STGRecentUploadView.h; sourceTree = "<group>"; };
		80210E53172EDE050056C502 /* STGRecentUploadView.m */ = {isa = PBXFileReference; fileEncoding = 4; lastKnownFileType = sourcecode.c.objc; path = STGRecentUploadView.m; sourceTree = "<group>"; };
		8029A48C17282CC900F09884 /* Credits.html */ = {isa = PBXFileReference; fileEncoding = 4; lastKnownFileType = text.html; path = Credits.html; sourceTree = "<group>"; };
		8029A49617283ECD00F09884 /* STGOptionsGeneralViewController.h */ = {isa = PBXFileReference; fileEncoding = 4; lastKnownFileType = sourcecode.c.h; path = STGOptionsGeneralViewController.h; sourceTree = "<group>"; };
		8029A49717283ECD00F09884 /* STGOptionsGeneralViewController.m */ = {isa = PBXFileReference; fileEncoding = 4; lastKnownFileType = sourcecode.c.objc; path = STGOptionsGeneralViewController.m; sourceTree = "<group>"; };
		8029A49817283ECD00F09884 /* STGOptionsGeneralViewController.xib */ = {isa = PBXFileReference; fileEncoding = 4; lastKnownFileType = file.xib; path = STGOptionsGeneralViewController.xib; sourceTree = "<group>"; };
		8029A49B17283EEF00F09884 /* STGOptionsShortcutsViewController.h */ = {isa = PBXFileReference; fileEncoding = 4; lastKnownFileType = sourcecode.c.h; path = STGOptionsShortcutsViewController.h; sourceTree = "<group>"; };
		8029A49C17283EEF00F09884 /* STGOptionsShortcutsViewController.m */ = {isa = PBXFileReference; fileEncoding = 4; lastKnownFileType = sourcecode.c.objc; path = STGOptionsShortcutsViewController.m; sourceTree = "<group>"; };
		8029A49D17283EEF00F09884 /* STGOptionsShortcutsViewController.xib */ = {isa = PBXFileReference; fileEncoding = 4; lastKnownFileType = file.xib; path = STGOptionsShortcutsViewController.xib; sourceTree = "<group>"; };
		8029A4A01728427900F09884 /* MainMenu.xib */ = {isa = PBXFileReference; fileEncoding = 4; lastKnownFileType = file.xib; path = MainMenu.xib; sourceTree = "<group>"; };
		8029A4B4172859C600F09884 /* MASPreferencesViewController.h */ = {isa = PBXFileReference; fileEncoding = 4; lastKnownFileType = sourcecode.c.h; path = MASPreferencesViewController.h; sourceTree = "<group>"; };
		8029A4B717285A1F00F09884 /* MASPreferencesWindowController.h */ = {isa = PBXFileReference; fileEncoding = 4; lastKnownFileType = sourcecode.c.h; path = MASPreferencesWindowController.h; sourceTree = "<group>"; };
		8029A4B817285A1F00F09884 /* MASPreferencesWindowController.m */ = {isa = PBXFileReference; fileEncoding = 4; lastKnownFileType = sourcecode.c.objc; path = MASPreferencesWindowController.m; sourceTree = "<group>"; };
		8029A4BA17285A5800F09884 /* MASPreferencesWindow.xib */ = {isa = PBXFileReference; fileEncoding = 4; lastKnownFileType = file.xib; path = MASPreferencesWindow.xib; sourceTree = "<group>"; };
		8029A4BC172884AE00F09884 /* STGFileHelper.h */ = {isa = PBXFileReference; fileEncoding = 4; lastKnownFileType = sourcecode.c.h; path = STGFileHelper.h; sourceTree = "<group>"; };
		8029A4BD172884AE00F09884 /* STGFileHelper.m */ = {isa = PBXFileReference; fileEncoding = 4; lastKnownFileType = sourcecode.c.objc; path = STGFileHelper.m; sourceTree = "<group>"; };
		80369DD11847A27D00349068 /* STGQuickUploadWindowController.h */ = {isa = PBXFileReference; fileEncoding = 4; lastKnownFileType = sourcecode.c.h; path = STGQuickUploadWindowController.h; sourceTree = "<group>"; };
		80369DD21847A27D00349068 /* STGQuickUploadWindowController.m */ = {isa = PBXFileReference; fileEncoding = 4; lastKnownFileType = sourcecode.c.objc; path = STGQuickUploadWindowController.m; sourceTree = "<group>"; };
		80369DD31847A27D00349068 /* STGQuickUploadWindowController.xib */ = {isa = PBXFileReference; fileEncoding = 4; lastKnownFileType = file.xib; path = STGQuickUploadWindowController.xib; sourceTree = "<group>"; };
		803C33B5172C780000E8CE3F /* STGDataCaptureManager.h */ = {isa = PBXFileReference; fileEncoding = 4; lastKnownFileType = sourcecode.c.h; path = STGDataCaptureManager.h; sourceTree = "<group>"; };
		803C33B6172C780100E8CE3F /* STGDataCaptureManager.m */ = {isa = PBXFileReference; fileEncoding = 4; lastKnownFileType = sourcecode.c.objc; path = STGDataCaptureManager.m; sourceTree = "<group>"; };
		803C33B8172C7B6200E8CE3F /* STGOptionTextField.h */ = {isa = PBXFileReference; fileEncoding = 4; lastKnownFileType = sourcecode.c.h; path = STGOptionTextField.h; sourceTree = "<group>"; };
		803C33B9172C7B6200E8CE3F /* STGOptionTextField.m */ = {isa = PBXFileReference; fileEncoding = 4; lastKnownFileType = sourcecode.c.objc; path = STGOptionTextField.m; sourceTree = "<group>"; };
		80485FCB1747BF9200CB6226 /* DividerLine.png */ = {isa = PBXFileReference; lastKnownFileType = image.png; path = DividerLine.png; sourceTree = "<group>"; };
		80485FCD1747E85500CB6226 /* DividerLineM.png */ = {isa = PBXFileReference; lastKnownFileType = image.png; path = DividerLineM.png; sourceTree = "<group>"; };
		80485FD31747EC9800CB6226 /* WelcomeWindowBG.png */ = {isa = PBXFileReference; lastKnownFileType = image.png; path = WelcomeWindowBG.png; sourceTree = "<group>"; };
		80485FD41747EC9800CB6226 /* WelcomeWindowBGBottom.png */ = {isa = PBXFileReference; lastKnownFileType = image.png; path = WelcomeWindowBGBottom.png; sourceTree = "<group>"; };
		80485FDF1747EFF400CB6226 /* CocoStorageLogoText.png */ = {isa = PBXFileReference; lastKnownFileType = image.png; path = CocoStorageLogoText.png; sourceTree = "<group>"; };
		80485FE51747F9B200CB6226 /* ButtonRecessed.png */ = {isa = PBXFileReference; lastKnownFileType = image.png; path = ButtonRecessed.png; sourceTree = "<group>"; };
		80485FE71747FABB00CB6226 /* NSButton+TextColor.h */ = {isa = PBXFileReference; fileEncoding = 4; lastKnownFileType = sourcecode.c.h; path = "NSButton+TextColor.h"; sourceTree = "<group>"; };
		80485FE81747FABC00CB6226 /* NSButton+TextColor.m */ = {isa = PBXFileReference; fileEncoding = 4; lastKnownFileType = sourcecode.c.objc; path = "NSButton+TextColor.m"; sourceTree = "<group>"; };
		80485FF6174802BF00CB6226 /* CocoStorageStatusBarIcon.png */ = {isa = PBXFileReference; lastKnownFileType = image.png; path = CocoStorageStatusBarIcon.png; sourceTree = "<group>"; };
		80485FF7174802BF00CB6226 /* CocoStorageStatusBarIcon01.png */ = {isa = PBXFileReference; lastKnownFileType = image.png; path = CocoStorageStatusBarIcon01.png; sourceTree = "<group>"; };
		80485FF8174802BF00CB6226 /* CocoStorageStatusBarIcon02.png */ = {isa = PBXFileReference; lastKnownFileType = image.png; path = CocoStorageStatusBarIcon02.png; sourceTree = "<group>"; };
		80485FF9174802C000CB6226 /* CocoStorageStatusBarIcon03.png */ = {isa = PBXFileReference; lastKnownFileType = image.png; path = CocoStorageStatusBarIcon03.png; sourceTree = "<group>"; };
		80485FFA174802C000CB6226 /* CocoStorageStatusBarIcon04.png */ = {isa = PBXFileReference; lastKnownFileType = image.png; path = CocoStorageStatusBarIcon04.png; sourceTree = "<group>"; };
		80485FFB174802C000CB6226 /* CocoStorageStatusBarIcon05.png */ = {isa = PBXFileReference; lastKnownFileType = image.png; path = CocoStorageStatusBarIcon05.png; sourceTree = "<group>"; };
		80485FFC174802C000CB6226 /* CocoStorageStatusBarIcon06.png */ = {isa = PBXFileReference; lastKnownFileType = image.png; path = CocoStorageStatusBarIcon06.png; sourceTree = "<group>"; };
		80485FFD174802C000CB6226 /* CocoStorageStatusBarIcon07.png */ = {isa = PBXFileReference; lastKnownFileType = image.png; path = CocoStorageStatusBarIcon07.png; sourceTree = "<group>"; };
		80485FFE174802C000CB6226 /* CocoStorageStatusBarIcon08.png */ = {isa = PBXFileReference; lastKnownFileType = image.png; path = CocoStorageStatusBarIcon08.png; sourceTree = "<group>"; };
		80485FFF174802C000CB6226 /* CocoStorageStatusBarIcon09.png */ = {isa = PBXFileReference; lastKnownFileType = image.png; path = CocoStorageStatusBarIcon09.png; sourceTree = "<group>"; };
		80486000174802C000CB6226 /* CocoStorageStatusBarIcon10.png */ = {isa = PBXFileReference; lastKnownFileType = image.png; path = CocoStorageStatusBarIcon10.png; sourceTree = "<group>"; };
		80486001174802C000CB6226 /* CocoStorageStatusBarIcon11.png */ = {isa = PBXFileReference; lastKnownFileType = image.png; path = CocoStorageStatusBarIcon11.png; sourceTree = "<group>"; };
		80486002174802C000CB6226 /* CocoStorageStatusBarIcon12.png */ = {isa = PBXFileReference; lastKnownFileType = image.png; path = CocoStorageStatusBarIcon12.png; sourceTree = "<group>"; };
		80486003174802C000CB6226 /* CocoStorageStatusBarIcon13.png */ = {isa = PBXFileReference; lastKnownFileType = image.png; path = CocoStorageStatusBarIcon13.png; sourceTree = "<group>"; };
		804860141748051300CB6226 /* STGStatusItemDrawingHelper.h */ = {isa = PBXFileReference; fileEncoding = 4; lastKnownFileType = sourcecode.c.h; path = STGStatusItemDrawingHelper.h; sourceTree = "<group>"; };
		804860151748051300CB6226 /* STGStatusItemDrawingHelper.m */ = {isa = PBXFileReference; fileEncoding = 4; lastKnownFileType = sourcecode.c.objc; path = STGStatusItemDrawingHelper.m; sourceTree = "<group>"; };
		80486029174823A500CB6226 /* StatusBarIconUpdateOverlay.png */ = {isa = PBXFileReference; lastKnownFileType = image.png; path = StatusBarIconUpdateOverlay.png; sourceTree = "<group>"; };
		80492696173EEAB100C08A7F /* STGPacketQueue.h */ = {isa = PBXFileReference; fileEncoding = 4; lastKnownFileType = sourcecode.c.h; path = STGPacketQueue.h; sourceTree = "<group>"; };
		80492697173EEAB100C08A7F /* STGPacketQueue.m */ = {isa = PBXFileReference; fileEncoding = 4; lastKnownFileType = sourcecode.c.objc; path = STGPacketQueue.m; sourceTree = "<group>"; };
		80492699173EEAC100C08A7F /* STGPacket.h */ = {isa = PBXFileReference; fileEncoding = 4; lastKnownFileType = sourcecode.c.h; path = STGPacket.h; sourceTree = "<group>"; };
		8049269A173EEAC100C08A7F /* STGPacket.m */ = {isa = PBXFileReference; fileEncoding = 4; lastKnownFileType = sourcecode.c.objc; path = STGPacket.m; sourceTree = "<group>"; };
		804C878E19A1FAAA000957C6 /* STGFloatingWindowController.h */ = {isa = PBXFileReference; fileEncoding = 4; lastKnownFileType = sourcecode.c.h; path = STGFloatingWindowController.h; sourceTree = "<group>"; };
		804C878F19A1FAAA000957C6 /* STGFloatingWindowController.m */ = {isa = PBXFileReference; fileEncoding = 4; lastKnownFileType = sourcecode.c.objc; path = STGFloatingWindowController.m; sourceTree = "<group>"; };
		804C879319A1FE2D000957C6 /* STGCountdownView.h */ = {isa = PBXFileReference; fileEncoding = 4; lastKnownFileType = sourcecode.c.h; path = STGCountdownView.h; sourceTree = "<group>"; };
		804C879419A1FE2D000957C6 /* STGCountdownView.m */ = {isa = PBXFileReference; fileEncoding = 4; lastKnownFileType = sourcecode.c.objc; path = STGCountdownView.m; sourceTree = "<group>"; };
		8060C33E199FB1FE001282CF /* STGCreateAlbumWindowController.h */ = {isa = PBXFileReference; fileEncoding = 4; lastKnownFileType = sourcecode.c.h; path = STGCreateAlbumWindowController.h; sourceTree = "<group>"; };
		8060C33F199FB1FE001282CF /* STGCreateAlbumWindowController.m */ = {isa = PBXFileReference; fileEncoding = 4; lastKnownFileType = sourcecode.c.objc; path = STGCreateAlbumWindowController.m; sourceTree = "<group>"; };
		8060C340199FB1FE001282CF /* STGCreateAlbumWindowController.xib */ = {isa = PBXFileReference; fileEncoding = 4; lastKnownFileType = file.xib; path = STGCreateAlbumWindowController.xib; sourceTree = "<group>"; };
		8060C343199FC8D3001282CF /* STGUploadedFileToken.h */ = {isa = PBXFileReference; fileEncoding = 4; lastKnownFileType = sourcecode.c.h; path = STGUploadedFileToken.h; sourceTree = "<group>"; };
		8060C344199FC8D3001282CF /* STGUploadedFileToken.m */ = {isa = PBXFileReference; fileEncoding = 4; lastKnownFileType = sourcecode.c.objc; path = STGUploadedFileToken.m; sourceTree = "<group>"; };
		8060C346199FE174001282CF /* AVFoundation.framework */ = {isa = PBXFileReference; lastKnownFileType = wrapper.framework; name = AVFoundation.framework; path = System/Library/Frameworks/AVFoundation.framework; sourceTree = SDKROOT; };
		80659846199565FE00EF0E34 /* STGAPIConfigurationStorage.h */ = {isa = PBXFileReference; fileEncoding = 4; lastKnownFileType = sourcecode.c.h; path = STGAPIConfigurationStorage.h; sourceTree = "<group>"; };
		80659847199565FE00EF0E34 /* STGAPIConfigurationStorage.m */ = {isa = PBXFileReference; fileEncoding = 4; lastKnownFileType = sourcecode.c.objc; path = STGAPIConfigurationStorage.m; sourceTree = "<group>"; };
		8065984B199568A700EF0E34 /* STGAPIConfigurationMediacrush.h */ = {isa = PBXFileReference; fileEncoding = 4; lastKnownFileType = sourcecode.c.h; path = STGAPIConfigurationMediacrush.h; sourceTree = "<group>"; };
		8065984C199568A700EF0E34 /* STGAPIConfigurationMediacrush.m */ = {isa = PBXFileReference; fileEncoding = 4; lastKnownFileType = sourcecode.c.objc; path = STGAPIConfigurationMediacrush.m; sourceTree = "<group>"; };
		8071453A18492A17007F1EA1 /* STGTypeChooserView.h */ = {isa = PBXFileReference; fileEncoding = 4; lastKnownFileType = sourcecode.c.h; path = STGTypeChooserView.h; sourceTree = "<group>"; };
		8071453B18492A17007F1EA1 /* STGTypeChooserView.m */ = {isa = PBXFileReference; fileEncoding = 4; lastKnownFileType = sourcecode.c.objc; path = STGTypeChooserView.m; sourceTree = "<group>"; };
		8071453D18492A56007F1EA1 /* STGTypeChooserViewType.h */ = {isa = PBXFileReference; fileEncoding = 4; lastKnownFileType = sourcecode.c.h; path = STGTypeChooserViewType.h; sourceTree = "<group>"; };
		8071453E18492A56007F1EA1 /* STGTypeChooserViewType.m */ = {isa = PBXFileReference; fileEncoding = 4; lastKnownFileType = sourcecode.c.objc; path = STGTypeChooserViewType.m; sourceTree = "<group>"; };
		80781B451746899200D0C790 /* STGOptionsCFSViewController.h */ = {isa = PBXFileReference; fileEncoding = 4; lastKnownFileType = sourcecode.c.h; path = STGOptionsCFSViewController.h; sourceTree = "<group>"; };
		80781B461746899200D0C790 /* STGOptionsCFSViewController.m */ = {isa = PBXFileReference; fileEncoding = 4; lastKnownFileType = sourcecode.c.objc; path = STGOptionsCFSViewController.m; sourceTree = "<group>"; };
		80781B471746899200D0C790 /* STGOptionsCFSViewController.xib */ = {isa = PBXFileReference; fileEncoding = 4; lastKnownFileType = file.xib; path = STGOptionsCFSViewController.xib; sourceTree = "<group>"; };
		80781B4A174698CC00D0C790 /* STGAPIConfiguration.h */ = {isa = PBXFileReference; fileEncoding = 4; lastKnownFileType = sourcecode.c.h; path = STGAPIConfiguration.h; sourceTree = "<group>"; };
		80781B4B174698CC00D0C790 /* STGAPIConfiguration.m */ = {isa = PBXFileReference; fileEncoding = 4; lastKnownFileType = sourcecode.c.objc; path = STGAPIConfiguration.m; sourceTree = "<group>"; };
		80781B501746B26400D0C790 /* STGOptionsQuickUploadViewController.h */ = {isa = PBXFileReference; fileEncoding = 4; lastKnownFileType = sourcecode.c.h; path = STGOptionsQuickUploadViewController.h; sourceTree = "<group>"; };
		80781B511746B26400D0C790 /* STGOptionsQuickUploadViewController.m */ = {isa = PBXFileReference; fileEncoding = 4; lastKnownFileType = sourcecode.c.objc; path = STGOptionsQuickUploadViewController.m; sourceTree = "<group>"; };
		80781B521746B26400D0C790 /* STGOptionsQuickUploadViewController.xib */ = {isa = PBXFileReference; fileEncoding = 4; lastKnownFileType = file.xib; path = STGOptionsQuickUploadViewController.xib; sourceTree = "<group>"; };
		807A667D172A97B200E0212C /* STGHotkeyHelper.h */ = {isa = PBXFileReference; fileEncoding = 4; lastKnownFileType = sourcecode.c.h; path = STGHotkeyHelper.h; sourceTree = "<group>"; };
		807A667E172A97B200E0212C /* STGHotkeyHelper.m */ = {isa = PBXFileReference; fileEncoding = 4; lastKnownFileType = sourcecode.c.objc; path = STGHotkeyHelper.m; sourceTree = "<group>"; };
		807A6680172A98AD00E0212C /* STGHotkeyHelperEntry.h */ = {isa = PBXFileReference; fileEncoding = 4; lastKnownFileType = sourcecode.c.h; path = STGHotkeyHelperEntry.h; sourceTree = "<group>"; };
		807A6681172A98AD00E0212C /* STGHotkeyHelperEntry.m */ = {isa = PBXFileReference; fileEncoding = 4; lastKnownFileType = sourcecode.c.objc; path = STGHotkeyHelperEntry.m; sourceTree = "<group>"; };
		807A6688172AC6DF00E0212C /* CoreServices.framework */ = {isa = PBXFileReference; lastKnownFileType = wrapper.framework; name = CoreServices.framework; path = System/Library/Frameworks/CoreServices.framework; sourceTree = SDKROOT; };
		807A668A172AC79900E0212C /* Security.framework */ = {isa = PBXFileReference; lastKnownFileType = wrapper.framework; name = Security.framework; path = System/Library/Frameworks/Security.framework; sourceTree = SDKROOT; };
		807A668C172AD23800E0212C /* STGSystemHelper.h */ = {isa = PBXFileReference; fileEncoding = 4; lastKnownFileType = sourcecode.c.h; path = STGSystemHelper.h; sourceTree = "<group>"; };
		807A668D172AD23900E0212C /* STGSystemHelper.m */ = {isa = PBXFileReference; fileEncoding = 4; lastKnownFileType = sourcecode.c.objc; path = STGSystemHelper.m; sourceTree = "<group>"; };
		807A6701172AF86000E0212C /* CocoStorageLogo.icns */ = {isa = PBXFileReference; lastKnownFileType = image.icns; path = CocoStorageLogo.icns; sourceTree = "<group>"; };
		808A9A1717538EBC0058235D /* STGQuickUploadView.h */ = {isa = PBXFileReference; fileEncoding = 4; lastKnownFileType = sourcecode.c.h; path = STGQuickUploadView.h; sourceTree = "<group>"; };
		808A9A1817538EBC0058235D /* STGQuickUploadView.m */ = {isa = PBXFileReference; fileEncoding = 4; lastKnownFileType = sourcecode.c.objc; path = STGQuickUploadView.m; sourceTree = "<group>"; };
		809A10C0174D6C930016A391 /* License_Sparkle.txt */ = {isa = PBXFileReference; fileEncoding = 4; lastKnownFileType = text; path = License_Sparkle.txt; sourceTree = "<group>"; };
		809A10C2174D6D330016A391 /* License_MASPreferences.txt */ = {isa = PBXFileReference; fileEncoding = 4; lastKnownFileType = text; path = License_MASPreferences.txt; sourceTree = "<group>"; };
		809A10C4174D6F5B0016A391 /* STGCFSSyncCheckEntry.h */ = {isa = PBXFileReference; fileEncoding = 4; lastKnownFileType = sourcecode.c.h; path = STGCFSSyncCheckEntry.h; sourceTree = "<group>"; };
		809A10C5174D6F5B0016A391 /* STGCFSSyncCheckEntry.m */ = {isa = PBXFileReference; fileEncoding = 4; lastKnownFileType = sourcecode.c.objc; path = STGCFSSyncCheckEntry.m; sourceTree = "<group>"; };
		809D1B0B176F69FD00F30E22 /* STGJSONHelper.h */ = {isa = PBXFileReference; fileEncoding = 4; lastKnownFileType = sourcecode.c.h; path = STGJSONHelper.h; sourceTree = "<group>"; };
		809D1B0C176F69FD00F30E22 /* STGJSONHelper.m */ = {isa = PBXFileReference; fileEncoding = 4; lastKnownFileType = sourcecode.c.objc; path = STGJSONHelper.m; sourceTree = "<group>"; };
		80D7F9BC1741700400851DDB /* STGNetworkHelper.h */ = {isa = PBXFileReference; fileEncoding = 4; lastKnownFileType = sourcecode.c.h; path = STGNetworkHelper.h; sourceTree = "<group>"; };
		80D7F9BD1741700400851DDB /* STGNetworkHelper.m */ = {isa = PBXFileReference; fileEncoding = 4; lastKnownFileType = sourcecode.c.objc; path = STGNetworkHelper.m; sourceTree = "<group>"; };
		80D7F9BF1741707500851DDB /* SystemConfiguration.framework */ = {isa = PBXFileReference; lastKnownFileType = wrapper.framework; name = SystemConfiguration.framework; path = System/Library/Frameworks/SystemConfiguration.framework; sourceTree = SDKROOT; };
		80D7F9C51741773A00851DDB /* ServerStatusOK.png */ = {isa = PBXFileReference; lastKnownFileType = image.png; path = ServerStatusOK.png; sourceTree = "<group>"; };
		80D7F9C61741773A00851DDB /* ServerStatusUnavailable.png */ = {isa = PBXFileReference; lastKnownFileType = image.png; path = ServerStatusUnavailable.png; sourceTree = "<group>"; };
		80D91A7019A1DB8E00A402D6 /* STGAPIConfigurationStub.h */ = {isa = PBXFileReference; fileEncoding = 4; lastKnownFileType = sourcecode.c.h; path = STGAPIConfigurationStub.h; sourceTree = "<group>"; };
		80D91A7119A1DB8E00A402D6 /* STGAPIConfigurationStub.m */ = {isa = PBXFileReference; fileEncoding = 4; lastKnownFileType = sourcecode.c.objc; path = STGAPIConfigurationStub.m; sourceTree = "<group>"; };
		80DBC66817316241000DEF72 /* STGWelcomeWindowControllerStorage.h */ = {isa = PBXFileReference; fileEncoding = 4; lastKnownFileType = sourcecode.c.h; path = STGWelcomeWindowControllerStorage.h; sourceTree = "<group>"; };
		80DBC66917316241000DEF72 /* STGWelcomeWindowControllerStorage.m */ = {isa = PBXFileReference; fileEncoding = 4; lastKnownFileType = sourcecode.c.objc; path = STGWelcomeWindowControllerStorage.m; sourceTree = "<group>"; };
		80DBC66A17316241000DEF72 /* STGWelcomeWindowControllerStorage.xib */ = {isa = PBXFileReference; fileEncoding = 4; lastKnownFileType = file.xib; path = STGWelcomeWindowControllerStorage.xib; sourceTree = "<group>"; };
		80DBC6701731CC95000DEF72 /* STGStatusItemManager.h */ = {isa = PBXFileReference; fileEncoding = 4; lastKnownFileType = sourcecode.c.h; path = STGStatusItemManager.h; sourceTree = "<group>"; };
		80DBC6711731CC95000DEF72 /* STGStatusItemManager.m */ = {isa = PBXFileReference; fileEncoding = 4; lastKnownFileType = sourcecode.c.objc; path = STGStatusItemManager.m; sourceTree = "<group>"; };
		80DBC6751731D2C5000DEF72 /* STGStatusItemManager.xib */ = {isa = PBXFileReference; fileEncoding = 4; lastKnownFileType = file.xib; path = STGStatusItemManager.xib; sourceTree = "<group>"; };
		80E12CA8184A99E70093CA6C /* STGUploadTypeViewController.h */ = {isa = PBXFileReference; fileEncoding = 4; lastKnownFileType = sourcecode.c.h; path = STGUploadTypeViewController.h; sourceTree = "<group>"; };
		80E12CA9184A99E70093CA6C /* STGUploadTypeViewController.m */ = {isa = PBXFileReference; fileEncoding = 4; lastKnownFileType = sourcecode.c.objc; path = STGUploadTypeViewController.m; sourceTree = "<group>"; };
		80E12CAA184A99E70093CA6C /* STGUploadTypeViewController.xib */ = {isa = PBXFileReference; fileEncoding = 4; lastKnownFileType = file.xib; path = STGUploadTypeViewController.xib; sourceTree = "<group>"; };
		80EF761519AA5E540089975C /* Sparkle.framework */ = {isa = PBXFileReference; lastKnownFileType = wrapper.framework; path = Sparkle.framework; sourceTree = "<group>"; };
		80EF761719AA63C00089975C /* dsa_pub.pem */ = {isa = PBXFileReference; fileEncoding = 4; lastKnownFileType = text; path = dsa_pub.pem; sourceTree = "<group>"; };
		80F7697319A0C3AE000DC74D /* STGMovieCaptureSession.h */ = {isa = PBXFileReference; fileEncoding = 4; lastKnownFileType = sourcecode.c.h; path = STGMovieCaptureSession.h; sourceTree = "<group>"; };
		80F7697419A0C3AE000DC74D /* STGMovieCaptureSession.m */ = {isa = PBXFileReference; fileEncoding = 4; lastKnownFileType = sourcecode.c.objc; path = STGMovieCaptureSession.m; sourceTree = "<group>"; };
		80F7697C19A0E77B000DC74D /* STGMovieCaptureWindowController.h */ = {isa = PBXFileReference; fileEncoding = 4; lastKnownFileType = sourcecode.c.h; path = STGMovieCaptureWindowController.h; sourceTree = "<group>"; };
		80F7697D19A0E77B000DC74D /* STGMovieCaptureWindowController.m */ = {isa = PBXFileReference; fileEncoding = 4; lastKnownFileType = sourcecode.c.objc; path = STGMovieCaptureWindowController.m; sourceTree = "<group>"; };
		80F7697E19A0E77B000DC74D /* STGMovieCaptureWindowController.xib */ = {isa = PBXFileReference; fileEncoding = 4; lastKnownFileType = file.xib; path = STGMovieCaptureWindowController.xib; sourceTree = "<group>"; };
		80F7698119A1207A000DC74D /* IOKit.framework */ = {isa = PBXFileReference; lastKnownFileType = wrapper.framework; name = IOKit.framework; path = System/Library/Frameworks/IOKit.framework; sourceTree = SDKROOT; };
		80F7698319A1379A000DC74D /* STGOptionsManager.h */ = {isa = PBXFileReference; fileEncoding = 4; lastKnownFileType = sourcecode.c.h; path = STGOptionsManager.h; sourceTree = "<group>"; };
		80F7698419A1379A000DC74D /* STGOptionsManager.m */ = {isa = PBXFileReference; fileEncoding = 4; lastKnownFileType = sourcecode.c.objc; path = STGOptionsManager.m; sourceTree = "<group>"; };
		80F7698619A14B06000DC74D /* STGNetworkManager.h */ = {isa = PBXFileReference; fileEncoding = 4; lastKnownFileType = sourcecode.c.h; path = STGNetworkManager.h; sourceTree = "<group>"; };
		80F7698719A14B06000DC74D /* STGNetworkManager.m */ = {isa = PBXFileReference; fileEncoding = 4; lastKnownFileType = sourcecode.c.objc; path = STGNetworkManager.m; sourceTree = "<group>"; };
		80F7698919A15146000DC74D /* STGUncompletedUploadList.h */ = {isa = PBXFileReference; fileEncoding = 4; lastKnownFileType = sourcecode.c.h; path = STGUncompletedUploadList.h; sourceTree = "<group>"; };
		80F7698A19A15146000DC74D /* STGUncompletedUploadList.m */ = {isa = PBXFileReference; fileEncoding = 4; lastKnownFileType = sourcecode.c.objc; path = STGUncompletedUploadList.m; sourceTree = "<group>"; };
		80FD082119A4F3A8009126D7 /* STGScreenRectangleSelectView.h */ = {isa = PBXFileReference; fileEncoding = 4; lastKnownFileType = sourcecode.c.h; path = STGScreenRectangleSelectView.h; sourceTree = "<group>"; };
		80FD082219A4F3A8009126D7 /* STGScreenRectangleSelectView.m */ = {isa = PBXFileReference; fileEncoding = 4; lastKnownFileType = sourcecode.c.objc; path = STGScreenRectangleSelectView.m; sourceTree = "<group>"; };
		80FD082419A52628009126D7 /* STGScreenOverlayWindow.h */ = {isa = PBXFileReference; fileEncoding = 4; lastKnownFileType = sourcecode.c.h; path = STGScreenOverlayWindow.h; sourceTree = "<group>"; };
		80FD082519A52628009126D7 /* STGScreenOverlayWindow.m */ = {isa = PBXFileReference; fileEncoding = 4; lastKnownFileType = sourcecode.c.objc; path = STGScreenOverlayWindow.m; sourceTree = "<group>"; };
/* End PBXFileReference section */

/* Begin PBXFrameworksBuildPhase section */
		80068FBC17272CA700DA1492 /* Frameworks */ = {
			isa = PBXFrameworksBuildPhase;
			buildActionMask = 2147483647;
			files = (
				80F7698219A1207A000DC74D /* IOKit.framework in Frameworks */,
				8060C347199FE174001282CF /* AVFoundation.framework in Frameworks */,
				80D7F9C01741707500851DDB /* SystemConfiguration.framework in Frameworks */,
				80EF761619AA5E540089975C /* Sparkle.framework in Frameworks */,
				807A668B172AC79900E0212C /* Security.framework in Frameworks */,
				807A6689172AC6DF00E0212C /* CoreServices.framework in Frameworks */,
				80068FC317272CA800DA1492 /* Cocoa.framework in Frameworks */,
			);
			runOnlyForDeploymentPostprocessing = 0;
		};
/* End PBXFrameworksBuildPhase section */

/* Begin PBXGroup section */
		80068FB617272CA700DA1492 = {
			isa = PBXGroup;
			children = (
				80068FC817272CA800DA1492 /* Coco Storage */,
				80068FC117272CA800DA1492 /* Frameworks */,
				80068FC017272CA800DA1492 /* Products */,
			);
			sourceTree = "<group>";
		};
		80068FC017272CA800DA1492 /* Products */ = {
			isa = PBXGroup;
			children = (
				80068FBF17272CA800DA1492 /* Coco Storage.app */,
			);
			name = Products;
			sourceTree = "<group>";
		};
		80068FC117272CA800DA1492 /* Frameworks */ = {
			isa = PBXGroup;
			children = (
				80EF761519AA5E540089975C /* Sparkle.framework */,
				80D7F9BF1741707500851DDB /* SystemConfiguration.framework */,
				807A668A172AC79900E0212C /* Security.framework */,
				807A6688172AC6DF00E0212C /* CoreServices.framework */,
				80F7698119A1207A000DC74D /* IOKit.framework */,
				8060C346199FE174001282CF /* AVFoundation.framework */,
				80068FC217272CA800DA1492 /* Cocoa.framework */,
				80068FC417272CA800DA1492 /* Other Frameworks */,
			);
			name = Frameworks;
			sourceTree = "<group>";
		};
		80068FC417272CA800DA1492 /* Other Frameworks */ = {
			isa = PBXGroup;
			children = (
				80068FC517272CA800DA1492 /* AppKit.framework */,
				80068FC617272CA800DA1492 /* CoreData.framework */,
				80068FC717272CA800DA1492 /* Foundation.framework */,
			);
			name = "Other Frameworks";
			sourceTree = "<group>";
		};
		80068FC817272CA800DA1492 /* Coco Storage */ = {
			isa = PBXGroup;
			children = (
				8029A4AA172858CA00F09884 /* MASPreferences */,
				8029A48F172832BF00F09884 /* Resources */,
				80068FD417272CA900DA1492 /* STGAppDelegate.h */,
				80068FD517272CA900DA1492 /* STGAppDelegate.m */,
				8029A4A01728427900F09884 /* MainMenu.xib */,
				806598491995686F00EF0E34 /* Web-API */,
				8065984E1995694400EF0E34 /* Interface */,
				8065984F1995695300EF0E34 /* Data-Capture */,
				80B0A1801996C88A00A93C3B /* Hotkeys */,
				8029A4BC172884AE00F09884 /* STGFileHelper.h */,
				8029A4BD172884AE00F09884 /* STGFileHelper.m */,
				807A668C172AD23800E0212C /* STGSystemHelper.h */,
				807A668D172AD23900E0212C /* STGSystemHelper.m */,
				80D7F9BC1741700400851DDB /* STGNetworkHelper.h */,
				80D7F9BD1741700400851DDB /* STGNetworkHelper.m */,
				809D1B0B176F69FD00F30E22 /* STGJSONHelper.h */,
				809D1B0C176F69FD00F30E22 /* STGJSONHelper.m */,
				80485FE71747FABB00CB6226 /* NSButton+TextColor.h */,
				80485FE81747FABC00CB6226 /* NSButton+TextColor.m */,
				80068FC917272CA800DA1492 /* Supporting Files */,
			);
			path = "Coco Storage";
			sourceTree = "<group>";
		};
		80068FC917272CA800DA1492 /* Supporting Files */ = {
			isa = PBXGroup;
			children = (
				8029A48C17282CC900F09884 /* Credits.html */,
				80068FCA17272CA800DA1492 /* Coco Storage-Info.plist */,
				80068FCB17272CA800DA1492 /* InfoPlist.strings */,
				80068FCE17272CA800DA1492 /* main.m */,
				80068FD017272CA800DA1492 /* Coco Storage-Prefix.pch */,
				80068FD117272CA900DA1492 /* Credits.rtf */,
			);
			name = "Supporting Files";
			sourceTree = "<group>";
		};
		8029A48F172832BF00F09884 /* Resources */ = {
			isa = PBXGroup;
			children = (
				809A10BF174D6C880016A391 /* Licenses */,
				80CC42611733C3AA0068476F /* Other */,
				80CC42601733C3A30068476F /* Sounds */,
				80CC425F1733C39D0068476F /* Images */,
			);
			name = Resources;
			sourceTree = "<group>";
		};
		8029A4AA172858CA00F09884 /* MASPreferences */ = {
			isa = PBXGroup;
			children = (
				8029A4B4172859C600F09884 /* MASPreferencesViewController.h */,
				8029A4B717285A1F00F09884 /* MASPreferencesWindowController.h */,
				8029A4B817285A1F00F09884 /* MASPreferencesWindowController.m */,
				8029A4BA17285A5800F09884 /* MASPreferencesWindow.xib */,
			);
			name = MASPreferences;
			sourceTree = "<group>";
		};
		804C878D19A1FA34000957C6 /* Views */ = {
			isa = PBXGroup;
			children = (
				804C878E19A1FAAA000957C6 /* STGFloatingWindowController.h */,
				804C878F19A1FAAA000957C6 /* STGFloatingWindowController.m */,
				80DBC66817316241000DEF72 /* STGWelcomeWindowControllerStorage.h */,
				80DBC66917316241000DEF72 /* STGWelcomeWindowControllerStorage.m */,
				80DBC66A17316241000DEF72 /* STGWelcomeWindowControllerStorage.xib */,
				80FD082419A52628009126D7 /* STGScreenOverlayWindow.h */,
				80FD082519A52628009126D7 /* STGScreenOverlayWindow.m */,
				804C879319A1FE2D000957C6 /* STGCountdownView.h */,
				804C879419A1FE2D000957C6 /* STGCountdownView.m */,
				80FD082119A4F3A8009126D7 /* STGScreenRectangleSelectView.h */,
				80FD082219A4F3A8009126D7 /* STGScreenRectangleSelectView.m */,
			);
			name = Views;
			sourceTree = "<group>";
		};
		80659844199562BB00EF0E34 /* Getstorage */ = {
			isa = PBXGroup;
			children = (
				80659846199565FE00EF0E34 /* STGAPIConfigurationStorage.h */,
				80659847199565FE00EF0E34 /* STGAPIConfigurationStorage.m */,
			);
			name = Getstorage;
			sourceTree = "<group>";
		};
		806598491995686F00EF0E34 /* Web-API */ = {
			isa = PBXGroup;
			children = (
				80D91A6E19A1DB6300A402D6 /* APIs */,
				80F7698619A14B06000DC74D /* STGNetworkManager.h */,
				80F7698719A14B06000DC74D /* STGNetworkManager.m */,
				80492696173EEAB100C08A7F /* STGPacketQueue.h */,
				80492697173EEAB100C08A7F /* STGPacketQueue.m */,
				80F7698919A15146000DC74D /* STGUncompletedUploadList.h */,
				80F7698A19A15146000DC74D /* STGUncompletedUploadList.m */,
				80068FDF17272D9900DA1492 /* STGStorageConnectionManager.h */,
				80068FE017272D9900DA1492 /* STGStorageConnectionManager.m */,
				80492699173EEAC100C08A7F /* STGPacket.h */,
				8049269A173EEAC100C08A7F /* STGPacket.m */,
				80F7697A19A0E61A000DC74D /* CFS */,
			);
			name = "Web-API";
			sourceTree = "<group>";
		};
		8065984A1995688200EF0E34 /* Mediacrush */ = {
			isa = PBXGroup;
			children = (
				8065984B199568A700EF0E34 /* STGAPIConfigurationMediacrush.h */,
				8065984C199568A700EF0E34 /* STGAPIConfigurationMediacrush.m */,
			);
			name = Mediacrush;
			sourceTree = "<group>";
		};
		8065984E1995694400EF0E34 /* Interface */ = {
			isa = PBXGroup;
			children = (
				804C878D19A1FA34000957C6 /* Views */,
				80F7697819A0E5EE000DC74D /* Options */,
				80F7697919A0E606000DC74D /* Status-Item */,
				80F7697719A0E5DF000DC74D /* Quick-Upload */,
				80F7697619A0E5CF000DC74D /* Create-Album */,
				80F7697B19A0E753000DC74D /* Movie-Capture */,
			);
			name = Interface;
			sourceTree = "<group>";
		};
		8065984F1995695300EF0E34 /* Data-Capture */ = {
			isa = PBXGroup;
			children = (
				803C33B5172C780000E8CE3F /* STGDataCaptureManager.h */,
				803C33B6172C780100E8CE3F /* STGDataCaptureManager.m */,
				8011328B172966CB006702B9 /* STGDataCaptureEntry.h */,
				8011328C172966CB006702B9 /* STGDataCaptureEntry.m */,
				80F7697319A0C3AE000DC74D /* STGMovieCaptureSession.h */,
				80F7697419A0C3AE000DC74D /* STGMovieCaptureSession.m */,
			);
			name = "Data-Capture";
			sourceTree = "<group>";
		};
		809A10BF174D6C880016A391 /* Licenses */ = {
			isa = PBXGroup;
			children = (
				809A10C0174D6C930016A391 /* License_Sparkle.txt */,
				809A10C2174D6D330016A391 /* License_MASPreferences.txt */,
			);
			name = Licenses;
			sourceTree = "<group>";
		};
		80B0A1801996C88A00A93C3B /* Hotkeys */ = {
			isa = PBXGroup;
			children = (
				807A667D172A97B200E0212C /* STGHotkeyHelper.h */,
				807A667E172A97B200E0212C /* STGHotkeyHelper.m */,
				807A6680172A98AD00E0212C /* STGHotkeyHelperEntry.h */,
				807A6681172A98AD00E0212C /* STGHotkeyHelperEntry.m */,
			);
			name = Hotkeys;
			sourceTree = "<group>";
		};
		80CC425F1733C39D0068476F /* Images */ = {
			isa = PBXGroup;
			children = (
				801CA87619AB489300A2F44F /* FileTemplate.pdf */,
				801CA87419AB47FA00A2F44F /* AlbumTemplate.pdf */,
				801CA87219AB47F500A2F44F /* ClipboardTemplate.pdf */,
				801CA87019AB46F600A2F44F /* MovieCameraTemplate.pdf */,
				801CA86E19AB468100A2F44F /* CameraTemplate.pdf */,
				80485FE51747F9B200CB6226 /* ButtonRecessed.png */,
				80485FD31747EC9800CB6226 /* WelcomeWindowBG.png */,
				80485FD41747EC9800CB6226 /* WelcomeWindowBGBottom.png */,
				80485FDF1747EFF400CB6226 /* CocoStorageLogoText.png */,
				80485FCB1747BF9200CB6226 /* DividerLine.png */,
				80485FCD1747E85500CB6226 /* DividerLineM.png */,
				80485FF6174802BF00CB6226 /* CocoStorageStatusBarIcon.png */,
				80485FF7174802BF00CB6226 /* CocoStorageStatusBarIcon01.png */,
				80485FF8174802BF00CB6226 /* CocoStorageStatusBarIcon02.png */,
				80485FF9174802C000CB6226 /* CocoStorageStatusBarIcon03.png */,
				80485FFA174802C000CB6226 /* CocoStorageStatusBarIcon04.png */,
				80485FFB174802C000CB6226 /* CocoStorageStatusBarIcon05.png */,
				80485FFC174802C000CB6226 /* CocoStorageStatusBarIcon06.png */,
				80485FFD174802C000CB6226 /* CocoStorageStatusBarIcon07.png */,
				80485FFE174802C000CB6226 /* CocoStorageStatusBarIcon08.png */,
				80485FFF174802C000CB6226 /* CocoStorageStatusBarIcon09.png */,
				80486000174802C000CB6226 /* CocoStorageStatusBarIcon10.png */,
				80486001174802C000CB6226 /* CocoStorageStatusBarIcon11.png */,
				80486002174802C000CB6226 /* CocoStorageStatusBarIcon12.png */,
				80486003174802C000CB6226 /* CocoStorageStatusBarIcon13.png */,
				80486029174823A500CB6226 /* StatusBarIconUpdateOverlay.png */,
				807A6701172AF86000E0212C /* CocoStorageLogo.icns */,
				80D7F9C51741773A00851DDB /* ServerStatusOK.png */,
				80D7F9C61741773A00851DDB /* ServerStatusUnavailable.png */,
			);
			name = Images;
			sourceTree = "<group>";
		};
		80CC42601733C3A30068476F /* Sounds */ = {
			isa = PBXGroup;
			children = (
			);
			name = Sounds;
			sourceTree = "<group>";
		};
		80CC42611733C3AA0068476F /* Other */ = {
			isa = PBXGroup;
			children = (
				80EF761719AA63C00089975C /* dsa_pub.pem */,
			);
			name = Other;
			sourceTree = "<group>";
		};
		80D91A6E19A1DB6300A402D6 /* APIs */ = {
			isa = PBXGroup;
			children = (
				80781B4A174698CC00D0C790 /* STGAPIConfiguration.h */,
				80781B4B174698CC00D0C790 /* STGAPIConfiguration.m */,
				80D91A6F19A1DB7300A402D6 /* Stub */,
				8065984A1995688200EF0E34 /* Mediacrush */,
				80659844199562BB00EF0E34 /* Getstorage */,
			);
			name = APIs;
			sourceTree = "<group>";
		};
		80D91A6F19A1DB7300A402D6 /* Stub */ = {
			isa = PBXGroup;
			children = (
				80D91A7019A1DB8E00A402D6 /* STGAPIConfigurationStub.h */,
				80D91A7119A1DB8E00A402D6 /* STGAPIConfigurationStub.m */,
			);
			name = Stub;
			sourceTree = "<group>";
		};
		80F7697619A0E5CF000DC74D /* Create-Album */ = {
			isa = PBXGroup;
			children = (
				8060C33E199FB1FE001282CF /* STGCreateAlbumWindowController.h */,
				8060C33F199FB1FE001282CF /* STGCreateAlbumWindowController.m */,
				8060C340199FB1FE001282CF /* STGCreateAlbumWindowController.xib */,
				8060C343199FC8D3001282CF /* STGUploadedFileToken.h */,
				8060C344199FC8D3001282CF /* STGUploadedFileToken.m */,
			);
			name = "Create-Album";
			sourceTree = "<group>";
		};
		80F7697719A0E5DF000DC74D /* Quick-Upload */ = {
			isa = PBXGroup;
			children = (
				80369DD11847A27D00349068 /* STGQuickUploadWindowController.h */,
				80369DD21847A27D00349068 /* STGQuickUploadWindowController.m */,
				80369DD31847A27D00349068 /* STGQuickUploadWindowController.xib */,
				808A9A1717538EBC0058235D /* STGQuickUploadView.h */,
				808A9A1817538EBC0058235D /* STGQuickUploadView.m */,
			);
			name = "Quick-Upload";
			sourceTree = "<group>";
		};
		80F7697819A0E5EE000DC74D /* Options */ = {
			isa = PBXGroup;
			children = (
				80F7698319A1379A000DC74D /* STGOptionsManager.h */,
				80F7698419A1379A000DC74D /* STGOptionsManager.m */,
				8029A49617283ECD00F09884 /* STGOptionsGeneralViewController.h */,
				8029A49717283ECD00F09884 /* STGOptionsGeneralViewController.m */,
				8029A49817283ECD00F09884 /* STGOptionsGeneralViewController.xib */,
				80781B501746B26400D0C790 /* STGOptionsQuickUploadViewController.h */,
				80781B511746B26400D0C790 /* STGOptionsQuickUploadViewController.m */,
				80781B521746B26400D0C790 /* STGOptionsQuickUploadViewController.xib */,
				80781B451746899200D0C790 /* STGOptionsCFSViewController.h */,
				80781B461746899200D0C790 /* STGOptionsCFSViewController.m */,
				80781B471746899200D0C790 /* STGOptionsCFSViewController.xib */,
				8029A49B17283EEF00F09884 /* STGOptionsShortcutsViewController.h */,
				8029A49C17283EEF00F09884 /* STGOptionsShortcutsViewController.m */,
				8029A49D17283EEF00F09884 /* STGOptionsShortcutsViewController.xib */,
				8011328E1729AC92006702B9 /* STGOptionsAboutViewController.h */,
				8011328F1729AC92006702B9 /* STGOptionsAboutViewController.m */,
				801132901729AC92006702B9 /* STGOptionsAboutViewController.xib */,
				803C33B8172C7B6200E8CE3F /* STGOptionTextField.h */,
				803C33B9172C7B6200E8CE3F /* STGOptionTextField.m */,
			);
			name = Options;
			sourceTree = "<group>";
		};
		80F7697919A0E606000DC74D /* Status-Item */ = {
			isa = PBXGroup;
			children = (
				80DBC6701731CC95000DEF72 /* STGStatusItemManager.h */,
				80DBC6711731CC95000DEF72 /* STGStatusItemManager.m */,
				80DBC6751731D2C5000DEF72 /* STGStatusItemManager.xib */,
				80210E50172EC9920056C502 /* STGRecentFileView.xib */,
				8011CA3D174FE9860021249F /* STGStatusItemView.h */,
				8011CA3E174FE9860021249F /* STGStatusItemView.m */,
				80210E52172EDE050056C502 /* STGRecentUploadView.h */,
				80210E53172EDE050056C502 /* STGRecentUploadView.m */,
				804860141748051300CB6226 /* STGStatusItemDrawingHelper.h */,
				804860151748051300CB6226 /* STGStatusItemDrawingHelper.m */,
				80E12CA8184A99E70093CA6C /* STGUploadTypeViewController.h */,
				80E12CA9184A99E70093CA6C /* STGUploadTypeViewController.m */,
				80E12CAA184A99E70093CA6C /* STGUploadTypeViewController.xib */,
				8071453A18492A17007F1EA1 /* STGTypeChooserView.h */,
				8071453B18492A17007F1EA1 /* STGTypeChooserView.m */,
				8071453D18492A56007F1EA1 /* STGTypeChooserViewType.h */,
				8071453E18492A56007F1EA1 /* STGTypeChooserViewType.m */,
			);
			name = "Status-Item";
			sourceTree = "<group>";
		};
		80F7697A19A0E61A000DC74D /* CFS */ = {
			isa = PBXGroup;
			children = (
				8017CD2D17497202000889C5 /* STGCFSSyncCheck.h */,
				8017CD2E17497202000889C5 /* STGCFSSyncCheck.m */,
				809A10C4174D6F5B0016A391 /* STGCFSSyncCheckEntry.h */,
				809A10C5174D6F5B0016A391 /* STGCFSSyncCheckEntry.m */,
			);
			name = CFS;
			sourceTree = "<group>";
		};
		80F7697B19A0E753000DC74D /* Movie-Capture */ = {
			isa = PBXGroup;
			children = (
				80F7697C19A0E77B000DC74D /* STGMovieCaptureWindowController.h */,
				80F7697D19A0E77B000DC74D /* STGMovieCaptureWindowController.m */,
				80F7697E19A0E77B000DC74D /* STGMovieCaptureWindowController.xib */,
			);
			name = "Movie-Capture";
			sourceTree = "<group>";
		};
/* End PBXGroup section */

/* Begin PBXNativeTarget section */
		80068FBE17272CA700DA1492 /* Coco Storage */ = {
			isa = PBXNativeTarget;
			buildConfigurationList = 80068FDC17272CA900DA1492 /* Build configuration list for PBXNativeTarget "Coco Storage" */;
			buildPhases = (
				80068FBB17272CA700DA1492 /* Sources */,
				80068FBC17272CA700DA1492 /* Frameworks */,
				80068FBD17272CA700DA1492 /* Resources */,
				80120343173300690003BB23 /* CopyFiles */,
			);
			buildRules = (
			);
			dependencies = (
			);
			name = "Coco Storage";
			productName = "Coco Storage";
			productReference = 80068FBF17272CA800DA1492 /* Coco Storage.app */;
			productType = "com.apple.product-type.application";
		};
/* End PBXNativeTarget section */

/* Begin PBXProject section */
		80068FB717272CA700DA1492 /* Project object */ = {
			isa = PBXProject;
			attributes = {
				CLASSPREFIX = STG;
				LastUpgradeCheck = 0500;
				ORGANIZATIONNAME = "Lukas Tenbrink";
			};
			buildConfigurationList = 80068FBA17272CA700DA1492 /* Build configuration list for PBXProject "Coco Storage" */;
			compatibilityVersion = "Xcode 3.2";
			developmentRegion = English;
			hasScannedForEncodings = 0;
			knownRegions = (
				en,
			);
			mainGroup = 80068FB617272CA700DA1492;
			productRefGroup = 80068FC017272CA800DA1492 /* Products */;
			projectDirPath = "";
			projectRoot = "";
			targets = (
				80068FBE17272CA700DA1492 /* Coco Storage */,
			);
		};
/* End PBXProject section */

/* Begin PBXResourcesBuildPhase section */
		80068FBD17272CA700DA1492 /* Resources */ = {
			isa = PBXResourcesBuildPhase;
			buildActionMask = 2147483647;
			files = (
				80068FCD17272CA800DA1492 /* InfoPlist.strings in Resources */,
				80068FD317272CA900DA1492 /* Credits.rtf in Resources */,
				8029A48D17282CC900F09884 /* Credits.html in Resources */,
				8029A49A17283ECD00F09884 /* STGOptionsGeneralViewController.xib in Resources */,
				8029A49F17283EF000F09884 /* STGOptionsShortcutsViewController.xib in Resources */,
				8029A4A11728427900F09884 /* MainMenu.xib in Resources */,
				8029A4BB17285A5800F09884 /* MASPreferencesWindow.xib in Resources */,
				801132921729AC92006702B9 /* STGOptionsAboutViewController.xib in Resources */,
				807A6702172AF86000E0212C /* CocoStorageLogo.icns in Resources */,
				80210E51172EC9920056C502 /* STGRecentFileView.xib in Resources */,
				80DBC66C17316241000DEF72 /* STGWelcomeWindowControllerStorage.xib in Resources */,
				80DBC6761731D2C6000DEF72 /* STGStatusItemManager.xib in Resources */,
				80D7F9C71741773B00851DDB /* ServerStatusOK.png in Resources */,
				80D7F9C81741773B00851DDB /* ServerStatusUnavailable.png in Resources */,
				80781B491746899200D0C790 /* STGOptionsCFSViewController.xib in Resources */,
				80781B541746B26400D0C790 /* STGOptionsQuickUploadViewController.xib in Resources */,
				80485FCC1747BF9200CB6226 /* DividerLine.png in Resources */,
				80485FCE1747E85500CB6226 /* DividerLineM.png in Resources */,
				80485FD51747EC9800CB6226 /* WelcomeWindowBG.png in Resources */,
				80485FD61747EC9800CB6226 /* WelcomeWindowBGBottom.png in Resources */,
				80485FE01747EFF400CB6226 /* CocoStorageLogoText.png in Resources */,
				80369DD51847A27D00349068 /* STGQuickUploadWindowController.xib in Resources */,
				80485FE61747F9B200CB6226 /* ButtonRecessed.png in Resources */,
				80486004174802C000CB6226 /* CocoStorageStatusBarIcon.png in Resources */,
				801CA87319AB47F500A2F44F /* ClipboardTemplate.pdf in Resources */,
				801CA86F19AB468100A2F44F /* CameraTemplate.pdf in Resources */,
				80486005174802C000CB6226 /* CocoStorageStatusBarIcon01.png in Resources */,
				8060C342199FB1FE001282CF /* STGCreateAlbumWindowController.xib in Resources */,
				80486006174802C000CB6226 /* CocoStorageStatusBarIcon02.png in Resources */,
				80486007174802C000CB6226 /* CocoStorageStatusBarIcon03.png in Resources */,
				80486008174802C000CB6226 /* CocoStorageStatusBarIcon04.png in Resources */,
				80E12CAC184A99E70093CA6C /* STGUploadTypeViewController.xib in Resources */,
				80486009174802C000CB6226 /* CocoStorageStatusBarIcon05.png in Resources */,
				8048600A174802C000CB6226 /* CocoStorageStatusBarIcon06.png in Resources */,
				8048600B174802C000CB6226 /* CocoStorageStatusBarIcon07.png in Resources */,
				80F7698019A0E77B000DC74D /* STGMovieCaptureWindowController.xib in Resources */,
				8048600C174802C000CB6226 /* CocoStorageStatusBarIcon08.png in Resources */,
				8048600D174802C000CB6226 /* CocoStorageStatusBarIcon09.png in Resources */,
				801CA87519AB47FA00A2F44F /* AlbumTemplate.pdf in Resources */,
				8048600E174802C000CB6226 /* CocoStorageStatusBarIcon10.png in Resources */,
				8048600F174802C000CB6226 /* CocoStorageStatusBarIcon11.png in Resources */,
				80486010174802C000CB6226 /* CocoStorageStatusBarIcon12.png in Resources */,
				80486011174802C000CB6226 /* CocoStorageStatusBarIcon13.png in Resources */,
				8048602A174823A500CB6226 /* StatusBarIconUpdateOverlay.png in Resources */,
				801CA87719AB489300A2F44F /* FileTemplate.pdf in Resources */,
				801CA87119AB46F600A2F44F /* MovieCameraTemplate.pdf in Resources */,
				80EF761819AA63C00089975C /* dsa_pub.pem in Resources */,
				809A10C1174D6C930016A391 /* License_Sparkle.txt in Resources */,
				809A10C3174D6D330016A391 /* License_MASPreferences.txt in Resources */,
			);
			runOnlyForDeploymentPostprocessing = 0;
		};
/* End PBXResourcesBuildPhase section */

/* Begin PBXSourcesBuildPhase section */
		80068FBB17272CA700DA1492 /* Sources */ = {
			isa = PBXSourcesBuildPhase;
			buildActionMask = 2147483647;
			files = (
				80068FCF17272CA800DA1492 /* main.m in Sources */,
				804C879119A1FAAA000957C6 /* STGFloatingWindowController.m in Sources */,
				80068FD617272CA900DA1492 /* STGAppDelegate.m in Sources */,
				80068FE117272D9900DA1492 /* STGStorageConnectionManager.m in Sources */,
				8029A49917283ECD00F09884 /* STGOptionsGeneralViewController.m in Sources */,
				8029A49E17283EF000F09884 /* STGOptionsShortcutsViewController.m in Sources */,
				80F7698819A14B06000DC74D /* STGNetworkManager.m in Sources */,
				8029A4B917285A1F00F09884 /* MASPreferencesWindowController.m in Sources */,
				8029A4BE172884AF00F09884 /* STGFileHelper.m in Sources */,
				8071453F18492A56007F1EA1 /* STGTypeChooserViewType.m in Sources */,
				80F7698519A1379A000DC74D /* STGOptionsManager.m in Sources */,
				80D91A7219A1DB8E00A402D6 /* STGAPIConfigurationStub.m in Sources */,
				80659848199565FE00EF0E34 /* STGAPIConfigurationStorage.m in Sources */,
				8011328D172966CB006702B9 /* STGDataCaptureEntry.m in Sources */,
				801132911729AC92006702B9 /* STGOptionsAboutViewController.m in Sources */,
				807A667F172A97B200E0212C /* STGHotkeyHelper.m in Sources */,
				807A6682172A98AD00E0212C /* STGHotkeyHelperEntry.m in Sources */,
				804C879519A1FE2D000957C6 /* STGCountdownView.m in Sources */,
				807A668E172AD23900E0212C /* STGSystemHelper.m in Sources */,
				803C33B7172C780100E8CE3F /* STGDataCaptureManager.m in Sources */,
				803C33BA172C7B6200E8CE3F /* STGOptionTextField.m in Sources */,
				80FD082319A4F3A8009126D7 /* STGScreenRectangleSelectView.m in Sources */,
				80369DD41847A27D00349068 /* STGQuickUploadWindowController.m in Sources */,
				80210E54172EDE050056C502 /* STGRecentUploadView.m in Sources */,
				80DBC66B17316241000DEF72 /* STGWelcomeWindowControllerStorage.m in Sources */,
				80DBC6721731CC95000DEF72 /* STGStatusItemManager.m in Sources */,
				80492698173EEAB100C08A7F /* STGPacketQueue.m in Sources */,
				80FD082619A52628009126D7 /* STGScreenOverlayWindow.m in Sources */,
				8049269B173EEAC100C08A7F /* STGPacket.m in Sources */,
				80F7697F19A0E77B000DC74D /* STGMovieCaptureWindowController.m in Sources */,
				8071453C18492A17007F1EA1 /* STGTypeChooserView.m in Sources */,
				80D7F9BE1741700500851DDB /* STGNetworkHelper.m in Sources */,
				80781B481746899200D0C790 /* STGOptionsCFSViewController.m in Sources */,
				80F7698B19A15146000DC74D /* STGUncompletedUploadList.m in Sources */,
				80781B4C174698CC00D0C790 /* STGAPIConfiguration.m in Sources */,
				80781B531746B26400D0C790 /* STGOptionsQuickUploadViewController.m in Sources */,
				80485FE91747FABF00CB6226 /* NSButton+TextColor.m in Sources */,
				804860161748051400CB6226 /* STGStatusItemDrawingHelper.m in Sources */,
				8017CD2F17497203000889C5 /* STGCFSSyncCheck.m in Sources */,
				8060C341199FB1FE001282CF /* STGCreateAlbumWindowController.m in Sources */,
				80E12CAB184A99E70093CA6C /* STGUploadTypeViewController.m in Sources */,
				809A10C6174D6F5B0016A391 /* STGCFSSyncCheckEntry.m in Sources */,
				8065984D199568A700EF0E34 /* STGAPIConfigurationMediacrush.m in Sources */,
				8060C345199FC8D3001282CF /* STGUploadedFileToken.m in Sources */,
				8011CA3F174FE9860021249F /* STGStatusItemView.m in Sources */,
				808A9A1917538EBC0058235D /* STGQuickUploadView.m in Sources */,
				809D1B0D176F69FD00F30E22 /* STGJSONHelper.m in Sources */,
				80F7697519A0C3AE000DC74D /* STGMovieCaptureSession.m in Sources */,
			);
			runOnlyForDeploymentPostprocessing = 0;
		};
/* End PBXSourcesBuildPhase section */

/* Begin PBXVariantGroup section */
		80068FCB17272CA800DA1492 /* InfoPlist.strings */ = {
			isa = PBXVariantGroup;
			children = (
				80068FCC17272CA800DA1492 /* en */,
			);
			name = InfoPlist.strings;
			sourceTree = "<group>";
		};
		80068FD117272CA900DA1492 /* Credits.rtf */ = {
			isa = PBXVariantGroup;
			children = (
				80068FD217272CA900DA1492 /* en */,
			);
			name = Credits.rtf;
			sourceTree = "<group>";
		};
/* End PBXVariantGroup section */

/* Begin XCBuildConfiguration section */
		80068FDA17272CA900DA1492 /* Debug */ = {
			isa = XCBuildConfiguration;
			buildSettings = {
				ALWAYS_SEARCH_USER_PATHS = NO;
				CLANG_CXX_LANGUAGE_STANDARD = "gnu++0x";
				CLANG_CXX_LIBRARY = "libc++";
				CLANG_ENABLE_OBJC_ARC = YES;
				CLANG_WARN_CONSTANT_CONVERSION = YES;
				CLANG_WARN_EMPTY_BODY = YES;
				CLANG_WARN_ENUM_CONVERSION = YES;
				CLANG_WARN_INT_CONVERSION = YES;
				CLANG_WARN__DUPLICATE_METHOD_MATCH = YES;
				COPY_PHASE_STRIP = NO;
				GCC_C_LANGUAGE_STANDARD = gnu99;
				GCC_DYNAMIC_NO_PIC = NO;
				GCC_ENABLE_OBJC_EXCEPTIONS = YES;
				GCC_OPTIMIZATION_LEVEL = 0;
				GCC_PREPROCESSOR_DEFINITIONS = (
					"DEBUG=1",
					"$(inherited)",
				);
				GCC_SYMBOLS_PRIVATE_EXTERN = NO;
				GCC_WARN_64_TO_32_BIT_CONVERSION = YES;
				GCC_WARN_ABOUT_RETURN_TYPE = YES;
				GCC_WARN_UNINITIALIZED_AUTOS = YES;
				GCC_WARN_UNUSED_VARIABLE = YES;
				MACOSX_DEPLOYMENT_TARGET = 10.8;
				ONLY_ACTIVE_ARCH = YES;
				SDKROOT = macosx;
			};
			name = Debug;
		};
		80068FDB17272CA900DA1492 /* Release */ = {
			isa = XCBuildConfiguration;
			buildSettings = {
				ALWAYS_SEARCH_USER_PATHS = NO;
				CLANG_CXX_LANGUAGE_STANDARD = "gnu++0x";
				CLANG_CXX_LIBRARY = "libc++";
				CLANG_ENABLE_OBJC_ARC = YES;
				CLANG_WARN_CONSTANT_CONVERSION = YES;
				CLANG_WARN_EMPTY_BODY = YES;
				CLANG_WARN_ENUM_CONVERSION = YES;
				CLANG_WARN_INT_CONVERSION = YES;
				CLANG_WARN__DUPLICATE_METHOD_MATCH = YES;
				COPY_PHASE_STRIP = YES;
				DEBUG_INFORMATION_FORMAT = "dwarf-with-dsym";
				GCC_C_LANGUAGE_STANDARD = gnu99;
				GCC_ENABLE_OBJC_EXCEPTIONS = YES;
				GCC_WARN_64_TO_32_BIT_CONVERSION = YES;
				GCC_WARN_ABOUT_RETURN_TYPE = YES;
				GCC_WARN_UNINITIALIZED_AUTOS = YES;
				GCC_WARN_UNUSED_VARIABLE = YES;
				MACOSX_DEPLOYMENT_TARGET = 10.8;
				SDKROOT = macosx;
			};
			name = Release;
		};
		80068FDD17272CA900DA1492 /* Debug */ = {
			isa = XCBuildConfiguration;
			buildSettings = {
				COMBINE_HIDPI_IMAGES = YES;
				FRAMEWORK_SEARCH_PATHS = (
					"$(inherited)",
					"$(SRCROOT)",
					"$(PROJECT_DIR)",
				);
				GCC_PRECOMPILE_PREFIX_HEADER = YES;
				GCC_PREFIX_HEADER = "Coco Storage/Coco Storage-Prefix.pch";
				INFOPLIST_FILE = "Coco Storage/Coco Storage-Info.plist";
				MACOSX_DEPLOYMENT_TARGET = 10.8;
				PRODUCT_NAME = "$(TARGET_NAME)";
				SDKROOT = macosx;
				WRAPPER_EXTENSION = app;
			};
			name = Debug;
		};
		80068FDE17272CA900DA1492 /* Release */ = {
			isa = XCBuildConfiguration;
			buildSettings = {
				COMBINE_HIDPI_IMAGES = YES;
				FRAMEWORK_SEARCH_PATHS = (
					"$(inherited)",
					"$(SRCROOT)",
					"$(PROJECT_DIR)",
				);
				GCC_PRECOMPILE_PREFIX_HEADER = YES;
				GCC_PREFIX_HEADER = "Coco Storage/Coco Storage-Prefix.pch";
				INFOPLIST_FILE = "Coco Storage/Coco Storage-Info.plist";
				MACOSX_DEPLOYMENT_TARGET = 10.8;
				PRODUCT_NAME = "$(TARGET_NAME)";
				SDKROOT = macosx;
				WRAPPER_EXTENSION = app;
			};
			name = Release;
		};
/* End XCBuildConfiguration section */

/* Begin XCConfigurationList section */
		80068FBA17272CA700DA1492 /* Build configuration list for PBXProject "Coco Storage" */ = {
			isa = XCConfigurationList;
			buildConfigurations = (
				80068FDA17272CA900DA1492 /* Debug */,
				80068FDB17272CA900DA1492 /* Release */,
			);
			defaultConfigurationIsVisible = 0;
			defaultConfigurationName = Release;
		};
		80068FDC17272CA900DA1492 /* Build configuration list for PBXNativeTarget "Coco Storage" */ = {
			isa = XCConfigurationList;
			buildConfigurations = (
				80068FDD17272CA900DA1492 /* Debug */,
				80068FDE17272CA900DA1492 /* Release */,
			);
			defaultConfigurationIsVisible = 0;
			defaultConfigurationName = Release;
		};
/* End XCConfigurationList section */
	};
	rootObject = 80068FB717272CA700DA1492 /* Project object */;
}
